
Microsoft Visual Studio Solution File, Format Version 12.00
# Visual Studio Version 17
VisualStudioVersion = 17.0.31903.59
MinimumVisualStudioVersion = 10.0.40219.1
Project("{2150E333-8FDC-42A3-9474-1A3956D46DE8}") = "src", "src", "{0CC2AAC2-B00B-41BF-92E8-2106B04852E7}"
EndProject
Project("{FAE04EC0-301F-11D3-BF4B-00C04F79EFBC}") = "StorageSystem.Domain", "src\StorageSystem.Domain\StorageSystem.Domain.csproj", "{AE925D04-1B7B-4EF8-AEBB-E0EDA51929ED}"
EndProject
Project("{2150E333-8FDC-42A3-9474-1A3956D46DE8}") = "test", "test", "{23B343EF-ED2A-42FA-A459-7E1E26A6B6C5}"
EndProject
Project("{FAE04EC0-301F-11D3-BF4B-00C04F79EFBC}") = "StorageSystem.Tests", "test\StorageSystem.Tests\StorageSystem.Tests.csproj", "{612816D3-EA3D-4EFF-95FC-B2B5BFFDFA26}"
EndProject
Project("{FAE04EC0-301F-11D3-BF4B-00C04F79EFBC}") = "StorageSystem.Console", "src\StorageSystem.Console\StorageSystem.Console.csproj", "{14F527C1-32D2-40E0-A84B-133CB03E8399}"
EndProject
Global
	GlobalSection(SolutionConfigurationPlatforms) = preSolution
		Debug|Any CPU = Debug|Any CPU
		Debug|x64 = Debug|x64
		Debug|x86 = Debug|x86
		Release|Any CPU = Release|Any CPU
		Release|x64 = Release|x64
		Release|x86 = Release|x86
	EndGlobalSection
	GlobalSection(ProjectConfigurationPlatforms) = postSolution
		{AE925D04-1B7B-4EF8-AEBB-E0EDA51929ED}.Debug|Any CPU.ActiveCfg = Debug|Any CPU
		{AE925D04-1B7B-4EF8-AEBB-E0EDA51929ED}.Debug|Any CPU.Build.0 = Debug|Any CPU
		{AE925D04-1B7B-4EF8-AEBB-E0EDA51929ED}.Debug|x64.ActiveCfg = Debug|Any CPU
		{AE925D04-1B7B-4EF8-AEBB-E0EDA51929ED}.Debug|x64.Build.0 = Debug|Any CPU
		{AE925D04-1B7B-4EF8-AEBB-E0EDA51929ED}.Debug|x86.ActiveCfg = Debug|Any CPU
		{AE925D04-1B7B-4EF8-AEBB-E0EDA51929ED}.Debug|x86.Build.0 = Debug|Any CPU
		{AE925D04-1B7B-4EF8-AEBB-E0EDA51929ED}.Release|Any CPU.ActiveCfg = Release|Any CPU
		{AE925D04-1B7B-4EF8-AEBB-E0EDA51929ED}.Release|Any CPU.Build.0 = Release|Any CPU
		{AE925D04-1B7B-4EF8-AEBB-E0EDA51929ED}.Release|x64.ActiveCfg = Release|Any CPU
		{AE925D04-1B7B-4EF8-AEBB-E0EDA51929ED}.Release|x64.Build.0 = Release|Any CPU
		{AE925D04-1B7B-4EF8-AEBB-E0EDA51929ED}.Release|x86.ActiveCfg = Release|Any CPU
		{AE925D04-1B7B-4EF8-AEBB-E0EDA51929ED}.Release|x86.Build.0 = Release|Any CPU
		{612816D3-EA3D-4EFF-95FC-B2B5BFFDFA26}.Debug|Any CPU.ActiveCfg = Debug|Any CPU
		{612816D3-EA3D-4EFF-95FC-B2B5BFFDFA26}.Debug|Any CPU.Build.0 = Debug|Any CPU
		{612816D3-EA3D-4EFF-95FC-B2B5BFFDFA26}.Debug|x64.ActiveCfg = Debug|Any CPU
		{612816D3-EA3D-4EFF-95FC-B2B5BFFDFA26}.Debug|x64.Build.0 = Debug|Any CPU
		{612816D3-EA3D-4EFF-95FC-B2B5BFFDFA26}.Debug|x86.ActiveCfg = Debug|Any CPU
		{612816D3-EA3D-4EFF-95FC-B2B5BFFDFA26}.Debug|x86.Build.0 = Debug|Any CPU
		{612816D3-EA3D-4EFF-95FC-B2B5BFFDFA26}.Release|Any CPU.ActiveCfg = Release|Any CPU
		{612816D3-EA3D-4EFF-95FC-B2B5BFFDFA26}.Release|Any CPU.Build.0 = Release|Any CPU
		{612816D3-EA3D-4EFF-95FC-B2B5BFFDFA26}.Release|x64.ActiveCfg = Release|Any CPU
		{612816D3-EA3D-4EFF-95FC-B2B5BFFDFA26}.Release|x64.Build.0 = Release|Any CPU
		{612816D3-EA3D-4EFF-95FC-B2B5BFFDFA26}.Release|x86.ActiveCfg = Release|Any CPU
		{612816D3-EA3D-4EFF-95FC-B2B5BFFDFA26}.Release|x86.Build.0 = Release|Any CPU
		{14F527C1-32D2-40E0-A84B-133CB03E8399}.Debug|Any CPU.ActiveCfg = Debug|Any CPU
		{14F527C1-32D2-40E0-A84B-133CB03E8399}.Debug|Any CPU.Build.0 = Debug|Any CPU
		{14F527C1-32D2-40E0-A84B-133CB03E8399}.Debug|x64.ActiveCfg = Debug|Any CPU
		{14F527C1-32D2-40E0-A84B-133CB03E8399}.Debug|x64.Build.0 = Debug|Any CPU
		{14F527C1-32D2-40E0-A84B-133CB03E8399}.Debug|x86.ActiveCfg = Debug|Any CPU
		{14F527C1-32D2-40E0-A84B-133CB03E8399}.Debug|x86.Build.0 = Debug|Any CPU
		{14F527C1-32D2-40E0-A84B-133CB03E8399}.Release|Any CPU.ActiveCfg = Release|Any CPU
		{14F527C1-32D2-40E0-A84B-133CB03E8399}.Release|Any CPU.Build.0 = Release|Any CPU
		{14F527C1-32D2-40E0-A84B-133CB03E8399}.Release|x64.ActiveCfg = Release|Any CPU
		{14F527C1-32D2-40E0-A84B-133CB03E8399}.Release|x64.Build.0 = Release|Any CPU
		{14F527C1-32D2-40E0-A84B-133CB03E8399}.Release|x86.ActiveCfg = Release|Any CPU
		{14F527C1-32D2-40E0-A84B-133CB03E8399}.Release|x86.Build.0 = Release|Any CPU
	EndGlobalSection
	GlobalSection(SolutionProperties) = preSolution
		HideSolutionNode = FALSE
	EndGlobalSection
	GlobalSection(NestedProjects) = preSolution
		{AE925D04-1B7B-4EF8-AEBB-E0EDA51929ED} = {0CC2AAC2-B00B-41BF-92E8-2106B04852E7}
		{612816D3-EA3D-4EFF-95FC-B2B5BFFDFA26} = {23B343EF-ED2A-42FA-A459-7E1E26A6B6C5}
		{14F527C1-32D2-40E0-A84B-133CB03E8399} = {0CC2AAC2-B00B-41BF-92E8-2106B04852E7}
	EndGlobalSection
EndGlobal
